
Microsoft Visual Studio Solution File, Format Version 12.00
# Visual Studio Version 17
VisualStudioVersion = 17.12.35527.113
MinimumVisualStudioVersion = 10.0.40219.1
Project("{FAE04EC0-301F-11D3-BF4B-00C04F79EFBC}") = "Warehource.Source", "Warehource.Source\Warehource.Source.csproj", "{F1740483-F8F5-46CE-9EC0-EE9705DD2292}"
EndProject
Project("{2150E333-8FDC-42A3-9474-1A3956D46DE8}") = "Common", "Common", "{22A0E64F-DB58-45BF-BB09-C0B26F805BB1}"
EndProject
Project("{2150E333-8FDC-42A3-9474-1A3956D46DE8}") = "Modules", "Modules", "{1E0D5672-174E-48FD-A3B3-C1A8E5B74741}"
EndProject
Project("{FAE04EC0-301F-11D3-BF4B-00C04F79EFBC}") = "Common", "Common\Common.csproj", "{51944082-D2CD-448A-9BF5-82E49BEFC722}"
EndProject
Project("{FAE04EC0-301F-11D3-BF4B-00C04F79EFBC}") = "Common.Application", "Common.Application\Common.Application.csproj", "{D310479D-BB64-4493-BA8F-DAE0E8E8571B}"
EndProject
Project("{FAE04EC0-301F-11D3-BF4B-00C04F79EFBC}") = "Common.Domain", "Common.Domain\Common.Domain.csproj", "{50416C02-8751-4BD3-8C84-1B9F263E53DB}"
EndProject
Project("{FAE04EC0-301F-11D3-BF4B-00C04F79EFBC}") = "Common.Infrastructure", "Common.Infrastructure\Common.Infrastructure.csproj", "{D2553AC2-5D2C-4E1D-8FB6-3B5484E3A9B8}"
EndProject
Project("{FAE04EC0-301F-11D3-BF4B-00C04F79EFBC}") = "Common.Presentation", "Common.Presentation\Common.Presentation.csproj", "{1976D0F0-A876-4449-8435-DC81CFFDB7F6}"
EndProject
Project("{FAE04EC0-301F-11D3-BF4B-00C04F79EFBC}") = "Common.Shared", "Common.Shared\Common.Shared.csproj", "{56F985F5-0A23-485B-B641-36CB4173FB2D}"
EndProject
Project("{2150E333-8FDC-42A3-9474-1A3956D46DE8}") = "User", "User", "{F09B3F70-BF99-4628-9C62-90D97D09E150}"
EndProject
Project("{2150E333-8FDC-42A3-9474-1A3956D46DE8}") = "Wcs", "Wcs", "{9708B6A4-1EA4-4759-A8C0-BBF1CE2FF4AA}"
EndProject
Project("{FAE04EC0-301F-11D3-BF4B-00C04F79EFBC}") = "User.Application", "User.Application\User.Application.csproj", "{BD52AC83-A590-4B67-BB03-4991D396AF2D}"
EndProject
Project("{FAE04EC0-301F-11D3-BF4B-00C04F79EFBC}") = "User.Contrancts", "User.Contrancts\User.Contrancts.csproj", "{0C71FC1D-3989-4652-A9D6-1C3B860ECEED}"
EndProject
Project("{FAE04EC0-301F-11D3-BF4B-00C04F79EFBC}") = "User.Domain", "User.Domain\User.Domain.csproj", "{79FE297B-11A7-44DA-B551-413AA19F0C8F}"
EndProject
Project("{FAE04EC0-301F-11D3-BF4B-00C04F79EFBC}") = "User.Infrastructure", "User.Infrastructure\User.Infrastructure.csproj", "{75BCB8B5-D36E-4C4C-B249-55BDB1E90899}"
EndProject
Project("{FAE04EC0-301F-11D3-BF4B-00C04F79EFBC}") = "User.Presentation", "User.Presentation\User.Presentation.csproj", "{35540014-59C3-4E45-BF0E-44B73C176CEA}"
EndProject
Project("{FAE04EC0-301F-11D3-BF4B-00C04F79EFBC}") = "Wcs.Contracts", "Wcs.Contracts\Wcs.Contracts.csproj", "{7A3D8FA2-7C38-4832-B813-01F48A0B468B}"
EndProject
Project("{FAE04EC0-301F-11D3-BF4B-00C04F79EFBC}") = "Wcs.Application", "Wcs.Application\Wcs.Application.csproj", "{77BCA099-E20D-437B-B04F-A1C5BFD4F352}"
EndProject
Project("{FAE04EC0-301F-11D3-BF4B-00C04F79EFBC}") = "Wcs.Domain", "Wcs.Domain\Wcs.Domain.csproj", "{D070FC3E-90F8-4A2A-BB92-3A07881F9895}"
EndProject
Project("{FAE04EC0-301F-11D3-BF4B-00C04F79EFBC}") = "Wcs.Infrastructure", "Wcs.Infrastructure\Wcs.Infrastructure.csproj", "{1CC22CC0-2A67-44B5-AB63-290B717017CC}"
EndProject
Project("{FAE04EC0-301F-11D3-BF4B-00C04F79EFBC}") = "Wcs.Presentation", "Wcs.Presentation\Wcs.Presentation.csproj", "{F8B9649A-E60F-413A-959E-0A62091C5DCA}"
EndProject
Project("{FAE04EC0-301F-11D3-BF4B-00C04F79EFBC}") = "Wcs.Shared", "Wcs.Shared\Wcs.Shared.csproj", "{ACB53266-C282-4D12-8615-71612D6142E3}"
EndProject
Project("{2150E333-8FDC-42A3-9474-1A3956D46DE8}") = "SignalR", "SignalR", "{FDB6E323-2E94-4DC2-9D2D-94B524A5FEFA}"
EndProject
Project("{FAE04EC0-301F-11D3-BF4B-00C04F79EFBC}") = "SignalR.Application", "SignalR.Infrastructure\SignalR.Application.csproj", "{211EB02F-D0D6-4AE2-B6D7-56ECC4B2FEE5}"
EndProject
Project("{FAE04EC0-301F-11D3-BF4B-00C04F79EFBC}") = "SignalR.Presentation", "SignalR.Presentation\SignalR.Presentation.csproj", "{259EE818-C954-46A2-9FCD-8096EA5A2BA5}"
EndProject
Project("{FAE04EC0-301F-11D3-BF4B-00C04F79EFBC}") = "SignalR.Infrastructure", "Signal.Infrastructure\SignalR.Infrastructure.csproj", "{D61DE6FF-E50A-4255-ABBE-06F5ACA08E86}"
EndProject
Global
	GlobalSection(SolutionConfigurationPlatforms) = preSolution
		Debug|Any CPU = Debug|Any CPU
		Release|Any CPU = Release|Any CPU
	EndGlobalSection
	GlobalSection(ProjectConfigurationPlatforms) = postSolution
		{F1740483-F8F5-46CE-9EC0-EE9705DD2292}.Debug|Any CPU.ActiveCfg = Debug|Any CPU
		{F1740483-F8F5-46CE-9EC0-EE9705DD2292}.Debug|Any CPU.Build.0 = Debug|Any CPU
		{F1740483-F8F5-46CE-9EC0-EE9705DD2292}.Release|Any CPU.ActiveCfg = Release|Any CPU
		{F1740483-F8F5-46CE-9EC0-EE9705DD2292}.Release|Any CPU.Build.0 = Release|Any CPU
		{51944082-D2CD-448A-9BF5-82E49BEFC722}.Debug|Any CPU.ActiveCfg = Debug|Any CPU
		{51944082-D2CD-448A-9BF5-82E49BEFC722}.Debug|Any CPU.Build.0 = Debug|Any CPU
		{51944082-D2CD-448A-9BF5-82E49BEFC722}.Release|Any CPU.ActiveCfg = Release|Any CPU
		{51944082-D2CD-448A-9BF5-82E49BEFC722}.Release|Any CPU.Build.0 = Release|Any CPU
		{D310479D-BB64-4493-BA8F-DAE0E8E8571B}.Debug|Any CPU.ActiveCfg = Debug|Any CPU
		{D310479D-BB64-4493-BA8F-DAE0E8E8571B}.Debug|Any CPU.Build.0 = Debug|Any CPU
		{D310479D-BB64-4493-BA8F-DAE0E8E8571B}.Release|Any CPU.ActiveCfg = Release|Any CPU
		{D310479D-BB64-4493-BA8F-DAE0E8E8571B}.Release|Any CPU.Build.0 = Release|Any CPU
		{50416C02-8751-4BD3-8C84-1B9F263E53DB}.Debug|Any CPU.ActiveCfg = Debug|Any CPU
		{50416C02-8751-4BD3-8C84-1B9F263E53DB}.Debug|Any CPU.Build.0 = Debug|Any CPU
		{50416C02-8751-4BD3-8C84-1B9F263E53DB}.Release|Any CPU.ActiveCfg = Release|Any CPU
		{50416C02-8751-4BD3-8C84-1B9F263E53DB}.Release|Any CPU.Build.0 = Release|Any CPU
		{D2553AC2-5D2C-4E1D-8FB6-3B5484E3A9B8}.Debug|Any CPU.ActiveCfg = Debug|Any CPU
		{D2553AC2-5D2C-4E1D-8FB6-3B5484E3A9B8}.Debug|Any CPU.Build.0 = Debug|Any CPU
		{D2553AC2-5D2C-4E1D-8FB6-3B5484E3A9B8}.Release|Any CPU.ActiveCfg = Release|Any CPU
		{D2553AC2-5D2C-4E1D-8FB6-3B5484E3A9B8}.Release|Any CPU.Build.0 = Release|Any CPU
		{1976D0F0-A876-4449-8435-DC81CFFDB7F6}.Debug|Any CPU.ActiveCfg = Debug|Any CPU
		{1976D0F0-A876-4449-8435-DC81CFFDB7F6}.Debug|Any CPU.Build.0 = Debug|Any CPU
		{1976D0F0-A876-4449-8435-DC81CFFDB7F6}.Release|Any CPU.ActiveCfg = Release|Any CPU
		{1976D0F0-A876-4449-8435-DC81CFFDB7F6}.Release|Any CPU.Build.0 = Release|Any CPU
		{56F985F5-0A23-485B-B641-36CB4173FB2D}.Debug|Any CPU.ActiveCfg = Debug|Any CPU
		{56F985F5-0A23-485B-B641-36CB4173FB2D}.Debug|Any CPU.Build.0 = Debug|Any CPU
		{56F985F5-0A23-485B-B641-36CB4173FB2D}.Release|Any CPU.ActiveCfg = Release|Any CPU
		{56F985F5-0A23-485B-B641-36CB4173FB2D}.Release|Any CPU.Build.0 = Release|Any CPU
		{BD52AC83-A590-4B67-BB03-4991D396AF2D}.Debug|Any CPU.ActiveCfg = Debug|Any CPU
		{BD52AC83-A590-4B67-BB03-4991D396AF2D}.Debug|Any CPU.Build.0 = Debug|Any CPU
		{BD52AC83-A590-4B67-BB03-4991D396AF2D}.Release|Any CPU.ActiveCfg = Release|Any CPU
		{BD52AC83-A590-4B67-BB03-4991D396AF2D}.Release|Any CPU.Build.0 = Release|Any CPU
		{0C71FC1D-3989-4652-A9D6-1C3B860ECEED}.Debug|Any CPU.ActiveCfg = Debug|Any CPU
		{0C71FC1D-3989-4652-A9D6-1C3B860ECEED}.Debug|Any CPU.Build.0 = Debug|Any CPU
		{0C71FC1D-3989-4652-A9D6-1C3B860ECEED}.Release|Any CPU.ActiveCfg = Release|Any CPU
		{0C71FC1D-3989-4652-A9D6-1C3B860ECEED}.Release|Any CPU.Build.0 = Release|Any CPU
		{79FE297B-11A7-44DA-B551-413AA19F0C8F}.Debug|Any CPU.ActiveCfg = Debug|Any CPU
		{79FE297B-11A7-44DA-B551-413AA19F0C8F}.Debug|Any CPU.Build.0 = Debug|Any CPU
		{79FE297B-11A7-44DA-B551-413AA19F0C8F}.Release|Any CPU.ActiveCfg = Release|Any CPU
		{79FE297B-11A7-44DA-B551-413AA19F0C8F}.Release|Any CPU.Build.0 = Release|Any CPU
		{75BCB8B5-D36E-4C4C-B249-55BDB1E90899}.Debug|Any CPU.ActiveCfg = Debug|Any CPU
		{75BCB8B5-D36E-4C4C-B249-55BDB1E90899}.Debug|Any CPU.Build.0 = Debug|Any CPU
		{75BCB8B5-D36E-4C4C-B249-55BDB1E90899}.Release|Any CPU.ActiveCfg = Release|Any CPU
		{75BCB8B5-D36E-4C4C-B249-55BDB1E90899}.Release|Any CPU.Build.0 = Release|Any CPU
		{35540014-59C3-4E45-BF0E-44B73C176CEA}.Debug|Any CPU.ActiveCfg = Debug|Any CPU
		{35540014-59C3-4E45-BF0E-44B73C176CEA}.Debug|Any CPU.Build.0 = Debug|Any CPU
		{35540014-59C3-4E45-BF0E-44B73C176CEA}.Release|Any CPU.ActiveCfg = Release|Any CPU
		{35540014-59C3-4E45-BF0E-44B73C176CEA}.Release|Any CPU.Build.0 = Release|Any CPU
		{7A3D8FA2-7C38-4832-B813-01F48A0B468B}.Debug|Any CPU.ActiveCfg = Debug|Any CPU
		{7A3D8FA2-7C38-4832-B813-01F48A0B468B}.Debug|Any CPU.Build.0 = Debug|Any CPU
		{7A3D8FA2-7C38-4832-B813-01F48A0B468B}.Release|Any CPU.ActiveCfg = Release|Any CPU
		{7A3D8FA2-7C38-4832-B813-01F48A0B468B}.Release|Any CPU.Build.0 = Release|Any CPU
		{77BCA099-E20D-437B-B04F-A1C5BFD4F352}.Debug|Any CPU.ActiveCfg = Debug|Any CPU
		{77BCA099-E20D-437B-B04F-A1C5BFD4F352}.Debug|Any CPU.Build.0 = Debug|Any CPU
		{77BCA099-E20D-437B-B04F-A1C5BFD4F352}.Release|Any CPU.ActiveCfg = Release|Any CPU
		{77BCA099-E20D-437B-B04F-A1C5BFD4F352}.Release|Any CPU.Build.0 = Release|Any CPU
		{D070FC3E-90F8-4A2A-BB92-3A07881F9895}.Debug|Any CPU.ActiveCfg = Debug|Any CPU
		{D070FC3E-90F8-4A2A-BB92-3A07881F9895}.Debug|Any CPU.Build.0 = Debug|Any CPU
		{D070FC3E-90F8-4A2A-BB92-3A07881F9895}.Release|Any CPU.ActiveCfg = Release|Any CPU
		{D070FC3E-90F8-4A2A-BB92-3A07881F9895}.Release|Any CPU.Build.0 = Release|Any CPU
		{1CC22CC0-2A67-44B5-AB63-290B717017CC}.Debug|Any CPU.ActiveCfg = Debug|Any CPU
		{1CC22CC0-2A67-44B5-AB63-290B717017CC}.Debug|Any CPU.Build.0 = Debug|Any CPU
		{1CC22CC0-2A67-44B5-AB63-290B717017CC}.Release|Any CPU.ActiveCfg = Release|Any CPU
		{1CC22CC0-2A67-44B5-AB63-290B717017CC}.Release|Any CPU.Build.0 = Release|Any CPU
		{F8B9649A-E60F-413A-959E-0A62091C5DCA}.Debug|Any CPU.ActiveCfg = Debug|Any CPU
		{F8B9649A-E60F-413A-959E-0A62091C5DCA}.Debug|Any CPU.Build.0 = Debug|Any CPU
		{F8B9649A-E60F-413A-959E-0A62091C5DCA}.Release|Any CPU.ActiveCfg = Release|Any CPU
		{F8B9649A-E60F-413A-959E-0A62091C5DCA}.Release|Any CPU.Build.0 = Release|Any CPU
		{ACB53266-C282-4D12-8615-71612D6142E3}.Debug|Any CPU.ActiveCfg = Debug|Any CPU
		{ACB53266-C282-4D12-8615-71612D6142E3}.Debug|Any CPU.Build.0 = Debug|Any CPU
		{ACB53266-C282-4D12-8615-71612D6142E3}.Release|Any CPU.ActiveCfg = Release|Any CPU
		{ACB53266-C282-4D12-8615-71612D6142E3}.Release|Any CPU.Build.0 = Release|Any CPU
		{211EB02F-D0D6-4AE2-B6D7-56ECC4B2FEE5}.Debug|Any CPU.ActiveCfg = Debug|Any CPU
		{211EB02F-D0D6-4AE2-B6D7-56ECC4B2FEE5}.Debug|Any CPU.Build.0 = Debug|Any CPU
		{211EB02F-D0D6-4AE2-B6D7-56ECC4B2FEE5}.Release|Any CPU.ActiveCfg = Release|Any CPU
		{211EB02F-D0D6-4AE2-B6D7-56ECC4B2FEE5}.Release|Any CPU.Build.0 = Release|Any CPU
		{259EE818-C954-46A2-9FCD-8096EA5A2BA5}.Debug|Any CPU.ActiveCfg = Debug|Any CPU
		{259EE818-C954-46A2-9FCD-8096EA5A2BA5}.Debug|Any CPU.Build.0 = Debug|Any CPU
		{259EE818-C954-46A2-9FCD-8096EA5A2BA5}.Release|Any CPU.ActiveCfg = Release|Any CPU
		{259EE818-C954-46A2-9FCD-8096EA5A2BA5}.Release|Any CPU.Build.0 = Release|Any CPU
		{D61DE6FF-E50A-4255-ABBE-06F5ACA08E86}.Debug|Any CPU.ActiveCfg = Debug|Any CPU
		{D61DE6FF-E50A-4255-ABBE-06F5ACA08E86}.Debug|Any CPU.Build.0 = Debug|Any CPU
		{D61DE6FF-E50A-4255-ABBE-06F5ACA08E86}.Release|Any CPU.ActiveCfg = Release|Any CPU
		{D61DE6FF-E50A-4255-ABBE-06F5ACA08E86}.Release|Any CPU.Build.0 = Release|Any CPU
	EndGlobalSection
	GlobalSection(SolutionProperties) = preSolution
		HideSolutionNode = FALSE
	EndGlobalSection
	GlobalSection(NestedProjects) = preSolution
		{51944082-D2CD-448A-9BF5-82E49BEFC722} = {22A0E64F-DB58-45BF-BB09-C0B26F805BB1}
		{D310479D-BB64-4493-BA8F-DAE0E8E8571B} = {22A0E64F-DB58-45BF-BB09-C0B26F805BB1}
		{50416C02-8751-4BD3-8C84-1B9F263E53DB} = {22A0E64F-DB58-45BF-BB09-C0B26F805BB1}
		{D2553AC2-5D2C-4E1D-8FB6-3B5484E3A9B8} = {22A0E64F-DB58-45BF-BB09-C0B26F805BB1}
		{1976D0F0-A876-4449-8435-DC81CFFDB7F6} = {22A0E64F-DB58-45BF-BB09-C0B26F805BB1}
		{56F985F5-0A23-485B-B641-36CB4173FB2D} = {22A0E64F-DB58-45BF-BB09-C0B26F805BB1}
		{F09B3F70-BF99-4628-9C62-90D97D09E150} = {1E0D5672-174E-48FD-A3B3-C1A8E5B74741}
		{9708B6A4-1EA4-4759-A8C0-BBF1CE2FF4AA} = {1E0D5672-174E-48FD-A3B3-C1A8E5B74741}
		{BD52AC83-A590-4B67-BB03-4991D396AF2D} = {F09B3F70-BF99-4628-9C62-90D97D09E150}
		{0C71FC1D-3989-4652-A9D6-1C3B860ECEED} = {F09B3F70-BF99-4628-9C62-90D97D09E150}
		{79FE297B-11A7-44DA-B551-413AA19F0C8F} = {F09B3F70-BF99-4628-9C62-90D97D09E150}
		{75BCB8B5-D36E-4C4C-B249-55BDB1E90899} = {F09B3F70-BF99-4628-9C62-90D97D09E150}
		{35540014-59C3-4E45-BF0E-44B73C176CEA} = {F09B3F70-BF99-4628-9C62-90D97D09E150}
		{7A3D8FA2-7C38-4832-B813-01F48A0B468B} = {9708B6A4-1EA4-4759-A8C0-BBF1CE2FF4AA}
		{77BCA099-E20D-437B-B04F-A1C5BFD4F352} = {9708B6A4-1EA4-4759-A8C0-BBF1CE2FF4AA}
		{D070FC3E-90F8-4A2A-BB92-3A07881F9895} = {9708B6A4-1EA4-4759-A8C0-BBF1CE2FF4AA}
		{1CC22CC0-2A67-44B5-AB63-290B717017CC} = {9708B6A4-1EA4-4759-A8C0-BBF1CE2FF4AA}
		{F8B9649A-E60F-413A-959E-0A62091C5DCA} = {9708B6A4-1EA4-4759-A8C0-BBF1CE2FF4AA}
		{ACB53266-C282-4D12-8615-71612D6142E3} = {9708B6A4-1EA4-4759-A8C0-BBF1CE2FF4AA}
		{FDB6E323-2E94-4DC2-9D2D-94B524A5FEFA} = {1E0D5672-174E-48FD-A3B3-C1A8E5B74741}
		{211EB02F-D0D6-4AE2-B6D7-56ECC4B2FEE5} = {FDB6E323-2E94-4DC2-9D2D-94B524A5FEFA}
		{259EE818-C954-46A2-9FCD-8096EA5A2BA5} = {FDB6E323-2E94-4DC2-9D2D-94B524A5FEFA}
		{D61DE6FF-E50A-4255-ABBE-06F5ACA08E86} = {FDB6E323-2E94-4DC2-9D2D-94B524A5FEFA}
	EndGlobalSection
EndGlobal
